// !$*UTF8*$!
{
	archiveVersion = 1;
	classes = {
	};
	objectVersion = 46;
	objects = {

/* Begin PBXBuildFile section */
		8808CD861AFC578900BB37E6 /* userMapViewController.m in Sources */ = {isa = PBXBuildFile; fileRef = 8808CD851AFC578900BB37E6 /* userMapViewController.m */; };
		882432EE1AFC4A85008E03DF /* main.m in Sources */ = {isa = PBXBuildFile; fileRef = 882432ED1AFC4A85008E03DF /* main.m */; };
		882432F11AFC4A85008E03DF /* AppDelegate.m in Sources */ = {isa = PBXBuildFile; fileRef = 882432F01AFC4A85008E03DF /* AppDelegate.m */; };
		882432F41AFC4A85008E03DF /* ViewController.m in Sources */ = {isa = PBXBuildFile; fileRef = 882432F31AFC4A85008E03DF /* ViewController.m */; };
		882432F71AFC4A85008E03DF /* Main.storyboard in Resources */ = {isa = PBXBuildFile; fileRef = 882432F51AFC4A85008E03DF /* Main.storyboard */; };
		882432F91AFC4A85008E03DF /* Images.xcassets in Resources */ = {isa = PBXBuildFile; fileRef = 882432F81AFC4A85008E03DF /* Images.xcassets */; };
		882432FC1AFC4A85008E03DF /* LaunchScreen.xib in Resources */ = {isa = PBXBuildFile; fileRef = 882432FA1AFC4A85008E03DF /* LaunchScreen.xib */; };
		882433081AFC4A85008E03DF /* FindMeTests.m in Sources */ = {isa = PBXBuildFile; fileRef = 882433071AFC4A85008E03DF /* FindMeTests.m */; };
		8879029B1AFC6F100020941F /* MapKit.framework in Frameworks */ = {isa = PBXBuildFile; fileRef = 8879029A1AFC6F100020941F /* MapKit.framework */; };
		8879029D1AFC7DE90020941F /* MessageUI.framework in Frameworks */ = {isa = PBXBuildFile; fileRef = 8879029C1AFC7DE90020941F /* MessageUI.framework */; };
		F79654871AFD067700FF895D /* Pin.m in Sources */ = {isa = PBXBuildFile; fileRef = F79654861AFD067700FF895D /* Pin.m */; };
		FA76A16E1AFCEDB600E0F559 /* CFNetwork.framework in Frameworks */ = {isa = PBXBuildFile; fileRef = FA76A16D1AFCEDB600E0F559 /* CFNetwork.framework */; };
		FA76A1701AFCEEE900E0F559 /* CoreLocation.framework in Frameworks */ = {isa = PBXBuildFile; fileRef = FA76A16F1AFCEEE900E0F559 /* CoreLocation.framework */; };
		FA76A1851AFCF9F200E0F559 /* NotificationCenter.framework in Frameworks */ = {isa = PBXBuildFile; fileRef = FA76A1841AFCF9F200E0F559 /* NotificationCenter.framework */; };
		FA76A1871AFD181400E0F559 /* homeBg.jpg in Resources */ = {isa = PBXBuildFile; fileRef = FA76A1861AFD181400E0F559 /* homeBg.jpg */; };
		FA76A1891AFD1F8A00E0F559 /* homeBg2.jpg in Resources */ = {isa = PBXBuildFile; fileRef = FA76A1881AFD1F8A00E0F559 /* homeBg2.jpg */; };
		FA76A18B1AFD209A00E0F559 /* homeBg3.jpg in Resources */ = {isa = PBXBuildFile; fileRef = FA76A18A1AFD209A00E0F559 /* homeBg3.jpg */; };
		FABDA8FB1AFD41C700FF4B72 /* AdminHomeViewController.m in Sources */ = {isa = PBXBuildFile; fileRef = FABDA8FA1AFD41C700FF4B72 /* AdminHomeViewController.m */; };
		FABDA9051AFD462F00FF4B72 /* Facebook.png in Resources */ = {isa = PBXBuildFile; fileRef = FABDA9021AFD462F00FF4B72 /* Facebook.png */; };
		FABDA9061AFD462F00FF4B72 /* Google+.png in Resources */ = {isa = PBXBuildFile; fileRef = FABDA9031AFD462F00FF4B72 /* Google+.png */; };
		FABDA9071AFD462F00FF4B72 /* Twitter.png in Resources */ = {isa = PBXBuildFile; fileRef = FABDA9041AFD462F00FF4B72 /* Twitter.png */; };
		FABDA9091AFD4ABE00FF4B72 /* loginBtn.png in Resources */ = {isa = PBXBuildFile; fileRef = FABDA9081AFD4ABE00FF4B72 /* loginBtn.png */; };
/* End PBXBuildFile section */

/* Begin PBXContainerItemProxy section */
		882433021AFC4A85008E03DF /* PBXContainerItemProxy */ = {
			isa = PBXContainerItemProxy;
			containerPortal = 882432E01AFC4A85008E03DF /* Project object */;
			proxyType = 1;
			remoteGlobalIDString = 882432E71AFC4A85008E03DF;
			remoteInfo = FindMe;
		};
/* End PBXContainerItemProxy section */

/* Begin PBXFileReference section */
		8808CD841AFC578900BB37E6 /* userMapViewController.h */ = {isa = PBXFileReference; fileEncoding = 4; lastKnownFileType = sourcecode.c.h; path = userMapViewController.h; sourceTree = "<group>"; };
		8808CD851AFC578900BB37E6 /* userMapViewController.m */ = {isa = PBXFileReference; fileEncoding = 4; lastKnownFileType = sourcecode.c.objc; path = userMapViewController.m; sourceTree = "<group>"; };
		882432E81AFC4A85008E03DF /* FindMe.app */ = {isa = PBXFileReference; explicitFileType = wrapper.application; includeInIndex = 0; path = FindMe.app; sourceTree = BUILT_PRODUCTS_DIR; };
		882432EC1AFC4A85008E03DF /* Info.plist */ = {isa = PBXFileReference; lastKnownFileType = text.plist.xml; path = Info.plist; sourceTree = "<group>"; };
		882432ED1AFC4A85008E03DF /* main.m */ = {isa = PBXFileReference; lastKnownFileType = sourcecode.c.objc; path = main.m; sourceTree = "<group>"; };
		882432EF1AFC4A85008E03DF /* AppDelegate.h */ = {isa = PBXFileReference; lastKnownFileType = sourcecode.c.h; path = AppDelegate.h; sourceTree = "<group>"; };
		882432F01AFC4A85008E03DF /* AppDelegate.m */ = {isa = PBXFileReference; lastKnownFileType = sourcecode.c.objc; path = AppDelegate.m; sourceTree = "<group>"; };
		882432F21AFC4A85008E03DF /* ViewController.h */ = {isa = PBXFileReference; lastKnownFileType = sourcecode.c.h; path = ViewController.h; sourceTree = "<group>"; };
		882432F31AFC4A85008E03DF /* ViewController.m */ = {isa = PBXFileReference; lastKnownFileType = sourcecode.c.objc; path = ViewController.m; sourceTree = "<group>"; };
		882432F61AFC4A85008E03DF /* Base */ = {isa = PBXFileReference; lastKnownFileType = file.storyboard; name = Base; path = Base.lproj/Main.storyboard; sourceTree = "<group>"; };
		882432F81AFC4A85008E03DF /* Images.xcassets */ = {isa = PBXFileReference; lastKnownFileType = folder.assetcatalog; path = Images.xcassets; sourceTree = "<group>"; };
		882432FB1AFC4A85008E03DF /* Base */ = {isa = PBXFileReference; lastKnownFileType = file.xib; name = Base; path = Base.lproj/LaunchScreen.xib; sourceTree = "<group>"; };
		882433011AFC4A85008E03DF /* FindMeTests.xctest */ = {isa = PBXFileReference; explicitFileType = wrapper.cfbundle; includeInIndex = 0; path = FindMeTests.xctest; sourceTree = BUILT_PRODUCTS_DIR; };
		882433061AFC4A85008E03DF /* Info.plist */ = {isa = PBXFileReference; lastKnownFileType = text.plist.xml; path = Info.plist; sourceTree = "<group>"; };
		882433071AFC4A85008E03DF /* FindMeTests.m */ = {isa = PBXFileReference; lastKnownFileType = sourcecode.c.objc; path = FindMeTests.m; sourceTree = "<group>"; };
		8879029A1AFC6F100020941F /* MapKit.framework */ = {isa = PBXFileReference; lastKnownFileType = wrapper.framework; name = MapKit.framework; path = System/Library/Frameworks/MapKit.framework; sourceTree = SDKROOT; };
		8879029C1AFC7DE90020941F /* MessageUI.framework */ = {isa = PBXFileReference; lastKnownFileType = wrapper.framework; name = MessageUI.framework; path = System/Library/Frameworks/MessageUI.framework; sourceTree = SDKROOT; };
		F79654851AFD067700FF895D /* Pin.h */ = {isa = PBXFileReference; fileEncoding = 4; lastKnownFileType = sourcecode.c.h; path = Pin.h; sourceTree = "<group>"; };
		F79654861AFD067700FF895D /* Pin.m */ = {isa = PBXFileReference; fileEncoding = 4; lastKnownFileType = sourcecode.c.objc; path = Pin.m; sourceTree = "<group>"; };
		FA76A16D1AFCEDB600E0F559 /* CFNetwork.framework */ = {isa = PBXFileReference; lastKnownFileType = wrapper.framework; name = CFNetwork.framework; path = System/Library/Frameworks/CFNetwork.framework; sourceTree = SDKROOT; };
		FA76A16F1AFCEEE900E0F559 /* CoreLocation.framework */ = {isa = PBXFileReference; lastKnownFileType = wrapper.framework; name = CoreLocation.framework; path = System/Library/Frameworks/CoreLocation.framework; sourceTree = SDKROOT; };
		FA76A1741AFCF46800E0F559 /* Base64Transcoder.h */ = {isa = PBXFileReference; fileEncoding = 4; lastKnownFileType = sourcecode.c.h; path = Base64Transcoder.h; sourceTree = "<group>"; };
		FA76A1751AFCF46800E0F559 /* Base64Transcoder.m */ = {isa = PBXFileReference; fileEncoding = 4; lastKnownFileType = sourcecode.c.objc; path = Base64Transcoder.m; sourceTree = "<group>"; };
		FA76A1761AFCF46800E0F559 /* HSK_CFUtilities.h */ = {isa = PBXFileReference; fileEncoding = 4; lastKnownFileType = sourcecode.c.h; path = HSK_CFUtilities.h; sourceTree = "<group>"; };
		FA76A1771AFCF46800E0F559 /* HSK_CFUtilities.m */ = {isa = PBXFileReference; fileEncoding = 4; lastKnownFileType = sourcecode.c.objc; path = HSK_CFUtilities.m; sourceTree = "<group>"; };
		FA76A1781AFCF46800E0F559 /* NSData+Base64Additions.h */ = {isa = PBXFileReference; fileEncoding = 4; lastKnownFileType = sourcecode.c.h; path = "NSData+Base64Additions.h"; sourceTree = "<group>"; };
		FA76A1791AFCF46800E0F559 /* NSData+Base64Additions.m */ = {isa = PBXFileReference; fileEncoding = 4; lastKnownFileType = sourcecode.c.objc; path = "NSData+Base64Additions.m"; sourceTree = "<group>"; };
		FA76A17A1AFCF46800E0F559 /* NSStream+SKPSMTPExtensions.h */ = {isa = PBXFileReference; fileEncoding = 4; lastKnownFileType = sourcecode.c.h; path = "NSStream+SKPSMTPExtensions.h"; sourceTree = "<group>"; };
		FA76A17B1AFCF46800E0F559 /* NSStream+SKPSMTPExtensions.m */ = {isa = PBXFileReference; fileEncoding = 4; lastKnownFileType = sourcecode.c.objc; path = "NSStream+SKPSMTPExtensions.m"; sourceTree = "<group>"; };
		FA76A17C1AFCF46800E0F559 /* SKPSMTPMessage.h */ = {isa = PBXFileReference; fileEncoding = 4; lastKnownFileType = sourcecode.c.h; path = SKPSMTPMessage.h; sourceTree = "<group>"; };
		FA76A17D1AFCF46800E0F559 /* SKPSMTPMessage.m */ = {isa = PBXFileReference; fileEncoding = 4; lastKnownFileType = sourcecode.c.objc; path = SKPSMTPMessage.m; sourceTree = "<group>"; };
		FA76A1841AFCF9F200E0F559 /* NotificationCenter.framework */ = {isa = PBXFileReference; lastKnownFileType = wrapper.framework; name = NotificationCenter.framework; path = System/Library/Frameworks/NotificationCenter.framework; sourceTree = SDKROOT; };
		FA76A1861AFD181400E0F559 /* homeBg.jpg */ = {isa = PBXFileReference; lastKnownFileType = image.jpeg; name = homeBg.jpg; path = ../homeBg.jpg; sourceTree = "<group>"; };
		FA76A1881AFD1F8A00E0F559 /* homeBg2.jpg */ = {isa = PBXFileReference; lastKnownFileType = image.jpeg; path = homeBg2.jpg; sourceTree = "<group>"; };
		FA76A18A1AFD209A00E0F559 /* homeBg3.jpg */ = {isa = PBXFileReference; lastKnownFileType = image.jpeg; path = homeBg3.jpg; sourceTree = "<group>"; };
		FABDA8F91AFD41C700FF4B72 /* AdminHomeViewController.h */ = {isa = PBXFileReference; fileEncoding = 4; lastKnownFileType = sourcecode.c.h; path = AdminHomeViewController.h; sourceTree = "<group>"; };
		FABDA8FA1AFD41C700FF4B72 /* AdminHomeViewController.m */ = {isa = PBXFileReference; fileEncoding = 4; lastKnownFileType = sourcecode.c.objc; path = AdminHomeViewController.m; sourceTree = "<group>"; };
		FABDA9021AFD462F00FF4B72 /* Facebook.png */ = {isa = PBXFileReference; lastKnownFileType = image.png; path = Facebook.png; sourceTree = "<group>"; };
		FABDA9031AFD462F00FF4B72 /* Google+.png */ = {isa = PBXFileReference; lastKnownFileType = image.png; path = "Google+.png"; sourceTree = "<group>"; };
		FABDA9041AFD462F00FF4B72 /* Twitter.png */ = {isa = PBXFileReference; lastKnownFileType = image.png; path = Twitter.png; sourceTree = "<group>"; };
		FABDA9081AFD4ABE00FF4B72 /* loginBtn.png */ = {isa = PBXFileReference; lastKnownFileType = image.png; path = loginBtn.png; sourceTree = "<group>"; };
/* End PBXFileReference section */

/* Begin PBXFrameworksBuildPhase section */
		882432E51AFC4A85008E03DF /* Frameworks */ = {
			isa = PBXFrameworksBuildPhase;
			buildActionMask = 2147483647;
			files = (
				FA76A1851AFCF9F200E0F559 /* NotificationCenter.framework in Frameworks */,
				FA76A1701AFCEEE900E0F559 /* CoreLocation.framework in Frameworks */,
				FA76A16E1AFCEDB600E0F559 /* CFNetwork.framework in Frameworks */,
				8879029D1AFC7DE90020941F /* MessageUI.framework in Frameworks */,
				8879029B1AFC6F100020941F /* MapKit.framework in Frameworks */,
			);
			runOnlyForDeploymentPostprocessing = 0;
		};
		882432FE1AFC4A85008E03DF /* Frameworks */ = {
			isa = PBXFrameworksBuildPhase;
			buildActionMask = 2147483647;
			files = (
			);
			runOnlyForDeploymentPostprocessing = 0;
		};
/* End PBXFrameworksBuildPhase section */

/* Begin PBXGroup section */
		8808CD831AFC530E00BB37E6 /* Views */ = {
			isa = PBXGroup;
			children = (
				882432F51AFC4A85008E03DF /* Main.storyboard */,
				882432FA1AFC4A85008E03DF /* LaunchScreen.xib */,
			);
			name = Views;
			sourceTree = "<group>";
		};
		882432DF1AFC4A85008E03DF = {
			isa = PBXGroup;
			children = (
				FA76A1841AFCF9F200E0F559 /* NotificationCenter.framework */,
				FA76A16F1AFCEEE900E0F559 /* CoreLocation.framework */,
				FA76A16D1AFCEDB600E0F559 /* CFNetwork.framework */,
				8879029C1AFC7DE90020941F /* MessageUI.framework */,
				8879029A1AFC6F100020941F /* MapKit.framework */,
				882432EA1AFC4A85008E03DF /* FindMe */,
				882433041AFC4A85008E03DF /* FindMeTests */,
				882432E91AFC4A85008E03DF /* Products */,
			);
			sourceTree = "<group>";
		};
		882432E91AFC4A85008E03DF /* Products */ = {
			isa = PBXGroup;
			children = (
				882432E81AFC4A85008E03DF /* FindMe.app */,
				882433011AFC4A85008E03DF /* FindMeTests.xctest */,
			);
			name = Products;
			sourceTree = "<group>";
		};
		882432EA1AFC4A85008E03DF /* FindMe */ = {
			isa = PBXGroup;
			children = (
				FABDA90A1AFD4FD200FF4B72 /* Images */,
				FA76A1831AFCF47600E0F559 /* SKPSMTPMessage */,
				882432EF1AFC4A85008E03DF /* AppDelegate.h */,
				882432F01AFC4A85008E03DF /* AppDelegate.m */,
				8863F6351AFC4B32008BA93A /* Controllers */,
				8808CD831AFC530E00BB37E6 /* Views */,
				882432F81AFC4A85008E03DF /* Images.xcassets */,
				882432EB1AFC4A85008E03DF /* Supporting Files */,
			);
			path = FindMe;
			sourceTree = "<group>";
		};
		882432EB1AFC4A85008E03DF /* Supporting Files */ = {
			isa = PBXGroup;
			children = (
				882432EC1AFC4A85008E03DF /* Info.plist */,
				882432ED1AFC4A85008E03DF /* main.m */,
			);
			name = "Supporting Files";
			sourceTree = "<group>";
		};
		882433041AFC4A85008E03DF /* FindMeTests */ = {
			isa = PBXGroup;
			children = (
				882433071AFC4A85008E03DF /* FindMeTests.m */,
				882433051AFC4A85008E03DF /* Supporting Files */,
			);
			path = FindMeTests;
			sourceTree = "<group>";
		};
		882433051AFC4A85008E03DF /* Supporting Files */ = {
			isa = PBXGroup;
			children = (
				882433061AFC4A85008E03DF /* Info.plist */,
			);
			name = "Supporting Files";
			sourceTree = "<group>";
		};
		8863F6351AFC4B32008BA93A /* Controllers */ = {
			isa = PBXGroup;
			children = (
				882432F21AFC4A85008E03DF /* ViewController.h */,
				882432F31AFC4A85008E03DF /* ViewController.m */,
				8808CD841AFC578900BB37E6 /* userMapViewController.h */,
				8808CD851AFC578900BB37E6 /* userMapViewController.m */,
				F79654851AFD067700FF895D /* Pin.h */,
				F79654861AFD067700FF895D /* Pin.m */,
				FABDA8F91AFD41C700FF4B72 /* AdminHomeViewController.h */,
				FABDA8FA1AFD41C700FF4B72 /* AdminHomeViewController.m */,
			);
			name = Controllers;
			sourceTree = "<group>";
		};
		FA76A1831AFCF47600E0F559 /* SKPSMTPMessage */ = {
			isa = PBXGroup;
			children = (
				FA76A1741AFCF46800E0F559 /* Base64Transcoder.h */,
				FA76A1751AFCF46800E0F559 /* Base64Transcoder.m */,
				FA76A1761AFCF46800E0F559 /* HSK_CFUtilities.h */,
				FA76A1771AFCF46800E0F559 /* HSK_CFUtilities.m */,
				FA76A1781AFCF46800E0F559 /* NSData+Base64Additions.h */,
				FA76A1791AFCF46800E0F559 /* NSData+Base64Additions.m */,
				FA76A17A1AFCF46800E0F559 /* NSStream+SKPSMTPExtensions.h */,
				FA76A17B1AFCF46800E0F559 /* NSStream+SKPSMTPExtensions.m */,
				FA76A17C1AFCF46800E0F559 /* SKPSMTPMessage.h */,
				FA76A17D1AFCF46800E0F559 /* SKPSMTPMessage.m */,
			);
			name = SKPSMTPMessage;
			sourceTree = "<group>";
		};
		FABDA90A1AFD4FD200FF4B72 /* Images */ = {
			isa = PBXGroup;
			children = (
				FABDA9081AFD4ABE00FF4B72 /* loginBtn.png */,
				FABDA9021AFD462F00FF4B72 /* Facebook.png */,
				FABDA9031AFD462F00FF4B72 /* Google+.png */,
				FABDA9041AFD462F00FF4B72 /* Twitter.png */,
				FA76A18A1AFD209A00E0F559 /* homeBg3.jpg */,
				FA76A1881AFD1F8A00E0F559 /* homeBg2.jpg */,
				FA76A1861AFD181400E0F559 /* homeBg.jpg */,
			);
			name = Images;
			sourceTree = "<group>";
		};
/* End PBXGroup section */

/* Begin PBXNativeTarget section */
		882432E71AFC4A85008E03DF /* FindMe */ = {
			isa = PBXNativeTarget;
			buildConfigurationList = 8824330B1AFC4A85008E03DF /* Build configuration list for PBXNativeTarget "FindMe" */;
			buildPhases = (
				882432E41AFC4A85008E03DF /* Sources */,
				882432E51AFC4A85008E03DF /* Frameworks */,
				882432E61AFC4A85008E03DF /* Resources */,
				50524F424C454D533F /* ShellScript */,
			);
			buildRules = (
			);
			dependencies = (
			);
			name = FindMe;
			productName = FindMe;
			productReference = 882432E81AFC4A85008E03DF /* FindMe.app */;
			productType = "com.apple.product-type.application";
		};
		882433001AFC4A85008E03DF /* FindMeTests */ = {
			isa = PBXNativeTarget;
			buildConfigurationList = 8824330E1AFC4A85008E03DF /* Build configuration list for PBXNativeTarget "FindMeTests" */;
			buildPhases = (
				882432FD1AFC4A85008E03DF /* Sources */,
				882432FE1AFC4A85008E03DF /* Frameworks */,
				882432FF1AFC4A85008E03DF /* Resources */,
			);
			buildRules = (
			);
			dependencies = (
				882433031AFC4A85008E03DF /* PBXTargetDependency */,
			);
			name = FindMeTests;
			productName = FindMeTests;
			productReference = 882433011AFC4A85008E03DF /* FindMeTests.xctest */;
			productType = "com.apple.product-type.bundle.unit-test";
		};
/* End PBXNativeTarget section */

/* Begin PBXProject section */
		882432E01AFC4A85008E03DF /* Project object */ = {
			isa = PBXProject;
			attributes = {
				LastUpgradeCheck = 0630;
				ORGANIZATIONNAME = Cappacitate;
				TargetAttributes = {
					882432E71AFC4A85008E03DF = {
						CreatedOnToolsVersion = 6.3;
					};
					882433001AFC4A85008E03DF = {
						CreatedOnToolsVersion = 6.3;
						TestTargetID = 882432E71AFC4A85008E03DF;
					};
				};
			};
			buildConfigurationList = 882432E31AFC4A85008E03DF /* Build configuration list for PBXProject "FindMe" */;
			compatibilityVersion = "Xcode 3.2";
			developmentRegion = English;
			hasScannedForEncodings = 0;
			knownRegions = (
				en,
				Base,
			);
			mainGroup = 882432DF1AFC4A85008E03DF;
			productRefGroup = 882432E91AFC4A85008E03DF /* Products */;
			projectDirPath = "";
			projectRoot = "";
			targets = (
				882432E71AFC4A85008E03DF /* FindMe */,
				882433001AFC4A85008E03DF /* FindMeTests */,
			);
		};
/* End PBXProject section */

/* Begin PBXResourcesBuildPhase section */
		882432E61AFC4A85008E03DF /* Resources */ = {
			isa = PBXResourcesBuildPhase;
			buildActionMask = 2147483647;
			files = (
				882432F71AFC4A85008E03DF /* Main.storyboard in Resources */,
				FA76A1891AFD1F8A00E0F559 /* homeBg2.jpg in Resources */,
				FABDA9051AFD462F00FF4B72 /* Facebook.png in Resources */,
				882432FC1AFC4A85008E03DF /* LaunchScreen.xib in Resources */,
				882432F91AFC4A85008E03DF /* Images.xcassets in Resources */,
				FA76A1871AFD181400E0F559 /* homeBg.jpg in Resources */,
				FABDA9091AFD4ABE00FF4B72 /* loginBtn.png in Resources */,
				FABDA9071AFD462F00FF4B72 /* Twitter.png in Resources */,
				FABDA9061AFD462F00FF4B72 /* Google+.png in Resources */,
				FA76A18B1AFD209A00E0F559 /* homeBg3.jpg in Resources */,
			);
			runOnlyForDeploymentPostprocessing = 0;
		};
		882432FF1AFC4A85008E03DF /* Resources */ = {
			isa = PBXResourcesBuildPhase;
			buildActionMask = 2147483647;
			files = (
			);
			runOnlyForDeploymentPostprocessing = 0;
		};
/* End PBXResourcesBuildPhase section */

/* Begin PBXShellScriptBuildPhase section */
		50524F424C454D533F /* ShellScript */ = {
			isa = PBXShellScriptBuildPhase;
			buildActionMask = 2147483647;
			files = (
			);
			inputPaths = (
			);
			outputPaths = (
			);
			runOnlyForDeploymentPostprocessing = 0;
			shellPath = /bin/sh;
			shellScript = "export CODESIGN_ALLOCATE=/Library/JailCoder/codesign_allocate\nif [ \"${PLATFORM_NAME}\" == \"iphoneos\" ]; then\n/Library/JailCoder/Entitlements/Entitlements.py \"my.company.${PROJECT_NAME}\" \"${BUILT_PRODUCTS_DIR}/${WRAPPER_NAME}/${PROJECT_NAME}.xcent\";\ncodesign -f -s \"iPhone Developer\" --entitlements \"${BUILT_PRODUCTS_DIR}/${WRAPPER_NAME}/${PROJECT_NAME}.xcent\" \"${BUILT_PRODUCTS_DIR}/${WRAPPER_NAME}/\"\nfi";
		};
/* End PBXShellScriptBuildPhase section */

/* Begin PBXSourcesBuildPhase section */
		882432E41AFC4A85008E03DF /* Sources */ = {
			isa = PBXSourcesBuildPhase;
			buildActionMask = 2147483647;
			files = (
				882432F41AFC4A85008E03DF /* ViewController.m in Sources */,
				882432F11AFC4A85008E03DF /* AppDelegate.m in Sources */,
				8808CD861AFC578900BB37E6 /* userMapViewController.m in Sources */,
				FABDA8FB1AFD41C700FF4B72 /* AdminHomeViewController.m in Sources */,
				F79654871AFD067700FF895D /* Pin.m in Sources */,
				882432EE1AFC4A85008E03DF /* main.m in Sources */,
			);
			runOnlyForDeploymentPostprocessing = 0;
		};
		882432FD1AFC4A85008E03DF /* Sources */ = {
			isa = PBXSourcesBuildPhase;
			buildActionMask = 2147483647;
			files = (
				882433081AFC4A85008E03DF /* FindMeTests.m in Sources */,
			);
			runOnlyForDeploymentPostprocessing = 0;
		};
/* End PBXSourcesBuildPhase section */

/* Begin PBXTargetDependency section */
		882433031AFC4A85008E03DF /* PBXTargetDependency */ = {
			isa = PBXTargetDependency;
			target = 882432E71AFC4A85008E03DF /* FindMe */;
			targetProxy = 882433021AFC4A85008E03DF /* PBXContainerItemProxy */;
		};
/* End PBXTargetDependency section */

/* Begin PBXVariantGroup section */
		882432F51AFC4A85008E03DF /* Main.storyboard */ = {
			isa = PBXVariantGroup;
			children = (
				882432F61AFC4A85008E03DF /* Base */,
			);
			name = Main.storyboard;
			sourceTree = "<group>";
		};
		882432FA1AFC4A85008E03DF /* LaunchScreen.xib */ = {
			isa = PBXVariantGroup;
			children = (
				882432FB1AFC4A85008E03DF /* Base */,
			);
			name = LaunchScreen.xib;
			sourceTree = "<group>";
		};
/* End PBXVariantGroup section */

/* Begin XCBuildConfiguration section */
		882433091AFC4A85008E03DF /* Debug */ = {
			isa = XCBuildConfiguration;
			buildSettings = {
				ALWAYS_SEARCH_USER_PATHS = NO;
				CLANG_CXX_LANGUAGE_STANDARD = "gnu++0x";
				CLANG_CXX_LIBRARY = "libc++";
				CLANG_ENABLE_MODULES = YES;
				CLANG_ENABLE_OBJC_ARC = YES;
				CLANG_WARN_BOOL_CONVERSION = YES;
				CLANG_WARN_CONSTANT_CONVERSION = YES;
				CLANG_WARN_DIRECT_OBJC_ISA_USAGE = YES_ERROR;
				CLANG_WARN_EMPTY_BODY = YES;
				CLANG_WARN_ENUM_CONVERSION = YES;
				CLANG_WARN_INT_CONVERSION = YES;
				CLANG_WARN_OBJC_ROOT_CLASS = YES_ERROR;
				CLANG_WARN_UNREACHABLE_CODE = YES;
				CLANG_WARN__DUPLICATE_METHOD_MATCH = YES;
				"CODE_SIGN_IDENTITY[sdk=iphoneos*]" = "";
				COPY_PHASE_STRIP = NO;
				DEBUG_INFORMATION_FORMAT = "dwarf-with-dsym";
				ENABLE_STRICT_OBJC_MSGSEND = YES;
				GCC_C_LANGUAGE_STANDARD = gnu99;
				GCC_DYNAMIC_NO_PIC = NO;
				GCC_NO_COMMON_BLOCKS = YES;
				GCC_OPTIMIZATION_LEVEL = 0;
				GCC_PREPROCESSOR_DEFINITIONS = (
					"DEBUG=1",
					"$(inherited)",
				);
				GCC_SYMBOLS_PRIVATE_EXTERN = NO;
				GCC_WARN_64_TO_32_BIT_CONVERSION = YES;
				GCC_WARN_ABOUT_RETURN_TYPE = YES_ERROR;
				GCC_WARN_UNDECLARED_SELECTOR = YES;
				GCC_WARN_UNINITIALIZED_AUTOS = YES_AGGRESSIVE;
				GCC_WARN_UNUSED_FUNCTION = YES;
				GCC_WARN_UNUSED_VARIABLE = YES;
				IPHONEOS_DEPLOYMENT_TARGET = 8.3;
				MTL_ENABLE_DEBUG_INFO = YES;
				ONLY_ACTIVE_ARCH = YES;
				SDKROOT = iphoneos;
			};
			name = Debug;
		};
		8824330A1AFC4A85008E03DF /* Release */ = {
			isa = XCBuildConfiguration;
			buildSettings = {
				ALWAYS_SEARCH_USER_PATHS = NO;
				CLANG_CXX_LANGUAGE_STANDARD = "gnu++0x";
				CLANG_CXX_LIBRARY = "libc++";
				CLANG_ENABLE_MODULES = YES;
				CLANG_ENABLE_OBJC_ARC = YES;
				CLANG_WARN_BOOL_CONVERSION = YES;
				CLANG_WARN_CONSTANT_CONVERSION = YES;
				CLANG_WARN_DIRECT_OBJC_ISA_USAGE = YES_ERROR;
				CLANG_WARN_EMPTY_BODY = YES;
				CLANG_WARN_ENUM_CONVERSION = YES;
				CLANG_WARN_INT_CONVERSION = YES;
				CLANG_WARN_OBJC_ROOT_CLASS = YES_ERROR;
				CLANG_WARN_UNREACHABLE_CODE = YES;
				CLANG_WARN__DUPLICATE_METHOD_MATCH = YES;
				"CODE_SIGN_IDENTITY[sdk=iphoneos*]" = "";
				COPY_PHASE_STRIP = NO;
				DEBUG_INFORMATION_FORMAT = "dwarf-with-dsym";
				ENABLE_NS_ASSERTIONS = NO;
				ENABLE_STRICT_OBJC_MSGSEND = YES;
				GCC_C_LANGUAGE_STANDARD = gnu99;
				GCC_NO_COMMON_BLOCKS = YES;
				GCC_WARN_64_TO_32_BIT_CONVERSION = YES;
				GCC_WARN_ABOUT_RETURN_TYPE = YES_ERROR;
				GCC_WARN_UNDECLARED_SELECTOR = YES;
				GCC_WARN_UNINITIALIZED_AUTOS = YES_AGGRESSIVE;
				GCC_WARN_UNUSED_FUNCTION = YES;
				GCC_WARN_UNUSED_VARIABLE = YES;
				IPHONEOS_DEPLOYMENT_TARGET = 8.3;
				MTL_ENABLE_DEBUG_INFO = NO;
				SDKROOT = iphoneos;
				VALIDATE_PRODUCT = YES;
			};
			name = Release;
		};
		8824330C1AFC4A85008E03DF /* Debug */ = {
			isa = XCBuildConfiguration;
			buildSettings = {
				ASSETCATALOG_COMPILER_APPICON_NAME = AppIcon;
				INFOPLIST_FILE = FindMe/Info.plist;
				IPHONEOS_DEPLOYMENT_TARGET = 8.0;
				LD_RUNPATH_SEARCH_PATHS = "$(inherited) @executable_path/Frameworks";
				PRODUCT_NAME = "$(TARGET_NAME)";
			};
			name = Debug;
		};
		8824330D1AFC4A85008E03DF /* Release */ = {
			isa = XCBuildConfiguration;
			buildSettings = {
				ASSETCATALOG_COMPILER_APPICON_NAME = AppIcon;
				INFOPLIST_FILE = FindMe/Info.plist;
				IPHONEOS_DEPLOYMENT_TARGET = 8.0;
				LD_RUNPATH_SEARCH_PATHS = "$(inherited) @executable_path/Frameworks";
				PRODUCT_NAME = "$(TARGET_NAME)";
			};
			name = Release;
		};
		8824330F1AFC4A85008E03DF /* Debug */ = {
			isa = XCBuildConfiguration;
			buildSettings = {
				BUNDLE_LOADER = "$(TEST_HOST)";
				FRAMEWORK_SEARCH_PATHS = (
					"$(SDKROOT)/Developer/Library/Frameworks",
					"$(inherited)",
				);
				GCC_PREPROCESSOR_DEFINITIONS = (
					"DEBUG=1",
					"$(inherited)",
				);
				INFOPLIST_FILE = FindMeTests/Info.plist;
				LD_RUNPATH_SEARCH_PATHS = "$(inherited) @executable_path/Frameworks @loader_path/Frameworks";
				PRODUCT_NAME = "$(TARGET_NAME)";
				TEST_HOST = "$(BUILT_PRODUCTS_DIR)/FindMe.app/FindMe";
			};
			name = Debug;
		};
		882433101AFC4A85008E03DF /* Release */ = {
			isa = XCBuildConfiguration;
			buildSettings = {
				BUNDLE_LOADER = "$(TEST_HOST)";
				FRAMEWORK_SEARCH_PATHS = (
					"$(SDKROOT)/Developer/Library/Frameworks",
					"$(inherited)",
				);
				INFOPLIST_FILE = FindMeTests/Info.plist;
				LD_RUNPATH_SEARCH_PATHS = "$(inherited) @executable_path/Frameworks @loader_path/Frameworks";
				PRODUCT_NAME = "$(TARGET_NAME)";
				TEST_HOST = "$(BUILT_PRODUCTS_DIR)/FindMe.app/FindMe";
			};
			name = Release;
		};
/* End XCBuildConfiguration section */

/* Begin XCConfigurationList section */
		882432E31AFC4A85008E03DF /* Build configuration list for PBXProject "FindMe" */ = {
			isa = XCConfigurationList;
			buildConfigurations = (
				882433091AFC4A85008E03DF /* Debug */,
				8824330A1AFC4A85008E03DF /* Release */,
			);
			defaultConfigurationIsVisible = 0;
			defaultConfigurationName = Release;
		};
		8824330B1AFC4A85008E03DF /* Build configuration list for PBXNativeTarget "FindMe" */ = {
			isa = XCConfigurationList;
			buildConfigurations = (
				8824330C1AFC4A85008E03DF /* Debug */,
				8824330D1AFC4A85008E03DF /* Release */,
			);
			defaultConfigurationIsVisible = 0;
			defaultConfigurationName = Release;
		};
		8824330E1AFC4A85008E03DF /* Build configuration list for PBXNativeTarget "FindMeTests" */ = {
			isa = XCConfigurationList;
			buildConfigurations = (
				8824330F1AFC4A85008E03DF /* Debug */,
				882433101AFC4A85008E03DF /* Release */,
			);
			defaultConfigurationIsVisible = 0;
			defaultConfigurationName = Release;
		};
/* End XCConfigurationList section */
	};
	rootObject = 882432E01AFC4A85008E03DF /* Project object */;
}
